
Microsoft Visual Studio Solution File, Format Version 12.00
# Visual Studio Version 17
VisualStudioVersion = 17.0.31903.59
MinimumVisualStudioVersion = 10.0.40219.1
Project("{2150E333-8FDC-42A3-9474-1A3956D46DE8}") = "Api", "Api", "{02EA681E-C7D8-13C7-8484-4AC65E1B71E8}"
EndProject
Project("{2150E333-8FDC-42A3-9474-1A3956D46DE8}") = "Domain", "Domain", "{F615494B-E514-42A2-84CD-BDE9C20E75D4}"
EndProject
Project("{2150E333-8FDC-42A3-9474-1A3956D46DE8}") = "Infra", "Infra", "{E3ED1FE2-293B-4C49-9D96-703A23CD0BC9}"
EndProject
Project("{E53339B2-1760-4266-BCC7-CA923CBCF16C}") = "docker-compose", "docker-compose.dcproj", "{81DDED9D-158B-E303-5F62-77A2896D2A5A}"
EndProject
Project("{2150E333-8FDC-42A3-9474-1A3956D46DE8}") = "Itens de Configuracao", "Itens de Configuracao", "{380A7511-A354-6D7A-0CC0-8FA1F1BA7B6C}"
	ProjectSection(SolutionItems) = preProject
		..\.env = ..\.env
		..\.env.example = ..\.env.example
		..\.gitignore = ..\.gitignore
	EndProjectSection
EndProject
Project("{FAE04EC0-301F-11D3-BF4B-00C04F79EFBC}") = "ServicoAutenticacao.Api", "src\ServicoAutenticacao.Api\ServicoAutenticacao.Api.csproj", "{623C8C16-3D51-B0E4-0931-71AD57ED8D4C}"
EndProject
Project("{FAE04EC0-301F-11D3-BF4B-00C04F79EFBC}") = "ServicoAutenticacao.Domain", "src\ServicoAutenticacao.Domain\ServicoAutenticacao.Domain.csproj", "{E0FDE153-3F12-8CE8-CE83-E4D1F3DB0641}"
EndProject
Project("{FAE04EC0-301F-11D3-BF4B-00C04F79EFBC}") = "ServicoAutenticacao.Infra.Data", "src\ServicoAutenticacao.Infra.Data\ServicoAutenticacao.Infra.Data.csproj", "{8188F7B9-076C-F7A2-96DF-1DE3674918F2}"
EndProject
Project("{FAE04EC0-301F-11D3-BF4B-00C04F79EFBC}") = "ServicoAutenticacao.Infra.IoC", "src\ServicoAutenticacao.Infra.IoC\ServicoAutenticacao.Infra.IoC.csproj", "{E1FFC84A-D196-2F1B-07BD-60F50799B37B}"
EndProject
Project("{FAE04EC0-301F-11D3-BF4B-00C04F79EFBC}") = "ServicoAutenticacao.Infra.CrossCutting", "src\ServicoAutenticacao.Infra.CrossCutting\ServicoAutenticacao.Infra.CrossCutting.csproj", "{C3C75E33-95F3-7FD7-BD4A-DCD44D8E5755}"
EndProject
Global
	GlobalSection(SolutionConfigurationPlatforms) = preSolution
		Debug|Any CPU = Debug|Any CPU
		Release|Any CPU = Release|Any CPU
	EndGlobalSection
	GlobalSection(ProjectConfigurationPlatforms) = postSolution
		{81DDED9D-158B-E303-5F62-77A2896D2A5A}.Debug|Any CPU.ActiveCfg = Debug|Any CPU
		{81DDED9D-158B-E303-5F62-77A2896D2A5A}.Debug|Any CPU.Build.0 = Debug|Any CPU
		{81DDED9D-158B-E303-5F62-77A2896D2A5A}.Release|Any CPU.ActiveCfg = Release|Any CPU
		{81DDED9D-158B-E303-5F62-77A2896D2A5A}.Release|Any CPU.Build.0 = Release|Any CPU
		{623C8C16-3D51-B0E4-0931-71AD57ED8D4C}.Debug|Any CPU.ActiveCfg = Debug|Any CPU
		{623C8C16-3D51-B0E4-0931-71AD57ED8D4C}.Debug|Any CPU.Build.0 = Debug|Any CPU
		{623C8C16-3D51-B0E4-0931-71AD57ED8D4C}.Release|Any CPU.ActiveCfg = Release|Any CPU
		{623C8C16-3D51-B0E4-0931-71AD57ED8D4C}.Release|Any CPU.Build.0 = Release|Any CPU
		{E0FDE153-3F12-8CE8-CE83-E4D1F3DB0641}.Debug|Any CPU.ActiveCfg = Debug|Any CPU
		{E0FDE153-3F12-8CE8-CE83-E4D1F3DB0641}.Debug|Any CPU.Build.0 = Debug|Any CPU
		{E0FDE153-3F12-8CE8-CE83-E4D1F3DB0641}.Release|Any CPU.ActiveCfg = Release|Any CPU
		{E0FDE153-3F12-8CE8-CE83-E4D1F3DB0641}.Release|Any CPU.Build.0 = Release|Any CPU
		{8188F7B9-076C-F7A2-96DF-1DE3674918F2}.Debug|Any CPU.ActiveCfg = Debug|Any CPU
		{8188F7B9-076C-F7A2-96DF-1DE3674918F2}.Debug|Any CPU.Build.0 = Debug|Any CPU
		{8188F7B9-076C-F7A2-96DF-1DE3674918F2}.Release|Any CPU.ActiveCfg = Release|Any CPU
		{8188F7B9-076C-F7A2-96DF-1DE3674918F2}.Release|Any CPU.Build.0 = Release|Any CPU
		{E1FFC84A-D196-2F1B-07BD-60F50799B37B}.Debug|Any CPU.ActiveCfg = Debug|Any CPU
		{E1FFC84A-D196-2F1B-07BD-60F50799B37B}.Debug|Any CPU.Build.0 = Debug|Any CPU
		{E1FFC84A-D196-2F1B-07BD-60F50799B37B}.Release|Any CPU.ActiveCfg = Release|Any CPU
		{E1FFC84A-D196-2F1B-07BD-60F50799B37B}.Release|Any CPU.Build.0 = Release|Any CPU
		{C3C75E33-95F3-7FD7-BD4A-DCD44D8E5755}.Debug|Any CPU.ActiveCfg = Debug|Any CPU
		{C3C75E33-95F3-7FD7-BD4A-DCD44D8E5755}.Debug|Any CPU.Build.0 = Debug|Any CPU
		{C3C75E33-95F3-7FD7-BD4A-DCD44D8E5755}.Release|Any CPU.ActiveCfg = Release|Any CPU
		{C3C75E33-95F3-7FD7-BD4A-DCD44D8E5755}.Release|Any CPU.Build.0 = Release|Any CPU
	EndGlobalSection
	GlobalSection(SolutionProperties) = preSolution
		HideSolutionNode = FALSE
	EndGlobalSection
	GlobalSection(NestedProjects) = preSolution
		{623C8C16-3D51-B0E4-0931-71AD57ED8D4C} = {02EA681E-C7D8-13C7-8484-4AC65E1B71E8}
		{E0FDE153-3F12-8CE8-CE83-E4D1F3DB0641} = {F615494B-E514-42A2-84CD-BDE9C20E75D4}
		{8188F7B9-076C-F7A2-96DF-1DE3674918F2} = {E3ED1FE2-293B-4C49-9D96-703A23CD0BC9}
		{E1FFC84A-D196-2F1B-07BD-60F50799B37B} = {E3ED1FE2-293B-4C49-9D96-703A23CD0BC9}
		{C3C75E33-95F3-7FD7-BD4A-DCD44D8E5755} = {E3ED1FE2-293B-4C49-9D96-703A23CD0BC9}
	EndGlobalSection
	GlobalSection(ExtensibilityGlobals) = postSolution
		SolutionGuid = {B5878AC5-DD3B-4219-9BA3-B3B9A7FF63CF}
	EndGlobalSection
EndGlobal
